// !$*UTF8*$!
{
	archiveVersion = 1;
	classes = {
	};
	objectVersion = 50;
	objects = {

/* Begin PBXBuildFile section */
		214437CA26F87B9800925AA1 /* Tuple.swift in Sources */ = {isa = PBXBuildFile; fileRef = 21F47E0D26F7D94F0033DA0E /* Tuple.swift */; };
		2163F4A626F88CC600C5B4A9 /* chap1.swift in Sources */ = {isa = PBXBuildFile; fileRef = 2163F4A526F88CC600C5B4A9 /* chap1.swift */; };
		2163F4A826F89BFC00C5B4A9 /* Color.swift in Sources */ = {isa = PBXBuildFile; fileRef = 2163F4A726F89BFC00C5B4A9 /* Color.swift */; };
		2163F4A926F89C1800C5B4A9 /* Color.swift in Sources */ = {isa = PBXBuildFile; fileRef = 2163F4A726F89BFC00C5B4A9 /* Color.swift */; };
		2163F4AB26F8A02600C5B4A9 /* TupleProtocol.swift in Sources */ = {isa = PBXBuildFile; fileRef = 2163F4AA26F8A02600C5B4A9 /* TupleProtocol.swift */; };
		2163F4AC26F8A02600C5B4A9 /* TupleProtocol.swift in Sources */ = {isa = PBXBuildFile; fileRef = 2163F4AA26F8A02600C5B4A9 /* TupleProtocol.swift */; };
		2163F4AE26F8A17A00C5B4A9 /* ColorTest.swift in Sources */ = {isa = PBXBuildFile; fileRef = 2163F4AD26F8A17A00C5B4A9 /* ColorTest.swift */; };
		2163F4B026F8AD2600C5B4A9 /* CanvasTest.swift in Sources */ = {isa = PBXBuildFile; fileRef = 2163F4AF26F8AD2600C5B4A9 /* CanvasTest.swift */; };
		2163F4B326F8AE2B00C5B4A9 /* Canvas.swift in Sources */ = {isa = PBXBuildFile; fileRef = 2163F4B226F8AE2B00C5B4A9 /* Canvas.swift */; };
		2163F4B426F8AE2B00C5B4A9 /* Canvas.swift in Sources */ = {isa = PBXBuildFile; fileRef = 2163F4B226F8AE2B00C5B4A9 /* Canvas.swift */; };
		216AEC2B26FB3B1D00BDE837 /* RayTest.swift in Sources */ = {isa = PBXBuildFile; fileRef = 216AEC2A26FB3B1D00BDE837 /* RayTest.swift */; };
		216AEC2D26FB3BB800BDE837 /* Ray.swift in Sources */ = {isa = PBXBuildFile; fileRef = 216AEC2C26FB3BB800BDE837 /* Ray.swift */; };
		216AEC2E26FB3BB800BDE837 /* Ray.swift in Sources */ = {isa = PBXBuildFile; fileRef = 216AEC2C26FB3BB800BDE837 /* Ray.swift */; };
		216AEC3126FB40B500BDE837 /* Sphere.swift in Sources */ = {isa = PBXBuildFile; fileRef = 216AEC3026FB40B500BDE837 /* Sphere.swift */; };
		216AEC3226FB40B500BDE837 /* Sphere.swift in Sources */ = {isa = PBXBuildFile; fileRef = 216AEC3026FB40B500BDE837 /* Sphere.swift */; };
		216AEC3426FB434800BDE837 /* SphereTest.swift in Sources */ = {isa = PBXBuildFile; fileRef = 216AEC3326FB434800BDE837 /* SphereTest.swift */; };
		216AEC3926FB552A00BDE837 /* Objects.swift in Sources */ = {isa = PBXBuildFile; fileRef = 216AEC3826FB552A00BDE837 /* Objects.swift */; };
		216AEC3A26FB552A00BDE837 /* Objects.swift in Sources */ = {isa = PBXBuildFile; fileRef = 216AEC3826FB552A00BDE837 /* Objects.swift */; };
		216AEC3C26FB63E000BDE837 /* Intersection.swift in Sources */ = {isa = PBXBuildFile; fileRef = 216AEC3B26FB63E000BDE837 /* Intersection.swift */; };
		216AEC3D26FB63E000BDE837 /* Intersection.swift in Sources */ = {isa = PBXBuildFile; fileRef = 216AEC3B26FB63E000BDE837 /* Intersection.swift */; };
		216AEC3F26FB645100BDE837 /* IntersectionTest.swift in Sources */ = {isa = PBXBuildFile; fileRef = 216AEC3E26FB645100BDE837 /* IntersectionTest.swift */; };
		216AEC4126FC60E100BDE837 /* MiscTest.swift in Sources */ = {isa = PBXBuildFile; fileRef = 216AEC4026FC60E100BDE837 /* MiscTest.swift */; };
		216AEC4326FC665900BDE837 /* Matrix4.swift in Sources */ = {isa = PBXBuildFile; fileRef = 216AEC4226FC665900BDE837 /* Matrix4.swift */; };
		216AEC4426FC665900BDE837 /* Matrix4.swift in Sources */ = {isa = PBXBuildFile; fileRef = 216AEC4226FC665900BDE837 /* Matrix4.swift */; };
		216AEC4626FC8B3D00BDE837 /* Matrix4ArichtmeticTest.swift in Sources */ = {isa = PBXBuildFile; fileRef = 216AEC4526FC8B3D00BDE837 /* Matrix4ArichtmeticTest.swift */; };
		216AEC4826FC90EB00BDE837 /* Matrix4TransformationTest.swift in Sources */ = {isa = PBXBuildFile; fileRef = 216AEC4726FC90EB00BDE837 /* Matrix4TransformationTest.swift */; };
		216AEC4B26FCB1B800BDE837 /* PointLight.swift in Sources */ = {isa = PBXBuildFile; fileRef = 216AEC4A26FCB1B800BDE837 /* PointLight.swift */; };
		216AEC4C26FCB1B800BDE837 /* PointLight.swift in Sources */ = {isa = PBXBuildFile; fileRef = 216AEC4A26FCB1B800BDE837 /* PointLight.swift */; };
		216AEC4E26FCB1C900BDE837 /* PointLightTest.swift in Sources */ = {isa = PBXBuildFile; fileRef = 216AEC4D26FCB1C900BDE837 /* PointLightTest.swift */; };
		216AEC5026FCB31A00BDE837 /* MaterialTest.swift in Sources */ = {isa = PBXBuildFile; fileRef = 216AEC4F26FCB31A00BDE837 /* MaterialTest.swift */; };
		21B90BEE27031F2100A15CB4 /* World.swift in Sources */ = {isa = PBXBuildFile; fileRef = 21B90BED27031F2100A15CB4 /* World.swift */; };
		21B90BF027031F3E00A15CB4 /* WorldTest.swift in Sources */ = {isa = PBXBuildFile; fileRef = 21B90BEF27031F3E00A15CB4 /* WorldTest.swift */; };
		21B90BF127031F4100A15CB4 /* World.swift in Sources */ = {isa = PBXBuildFile; fileRef = 21B90BED27031F2100A15CB4 /* World.swift */; };
		21B90BF42703421400A15CB4 /* CameraTest.swift in Sources */ = {isa = PBXBuildFile; fileRef = 21B90BF32703421400A15CB4 /* CameraTest.swift */; };
		21B90BF62703429B00A15CB4 /* Camera.swift in Sources */ = {isa = PBXBuildFile; fileRef = 21B90BF52703429B00A15CB4 /* Camera.swift */; };
		21B90BF72703429B00A15CB4 /* Camera.swift in Sources */ = {isa = PBXBuildFile; fileRef = 21B90BF52703429B00A15CB4 /* Camera.swift */; };
		21B90BFA270396F800A15CB4 /* Material.swift in Sources */ = {isa = PBXBuildFile; fileRef = 21B90BF9270396F800A15CB4 /* Material.swift */; };
		21B90BFB270396F800A15CB4 /* Material.swift in Sources */ = {isa = PBXBuildFile; fileRef = 21B90BF9270396F800A15CB4 /* Material.swift */; };
		21F47DFB26F7D5F60033DA0E /* main.swift in Sources */ = {isa = PBXBuildFile; fileRef = 21F47DFA26F7D5F60033DA0E /* main.swift */; };
		21F47E0826F7D7AD0033DA0E /* TupleTest.swift in Sources */ = {isa = PBXBuildFile; fileRef = 21F47E0726F7D7AD0033DA0E /* TupleTest.swift */; };
		21F47E0E26F7D94F0033DA0E /* Tuple.swift in Sources */ = {isa = PBXBuildFile; fileRef = 21F47E0D26F7D94F0033DA0E /* Tuple.swift */; };
/* End PBXBuildFile section */

/* Begin PBXCopyFilesBuildPhase section */
		21F47DF526F7D5F60033DA0E /* CopyFiles */ = {
			isa = PBXCopyFilesBuildPhase;
			buildActionMask = 2147483647;
			dstPath = /usr/share/man/man1/;
			dstSubfolderSpec = 0;
			files = (
			);
			runOnlyForDeploymentPostprocessing = 1;
		};
/* End PBXCopyFilesBuildPhase section */

/* Begin PBXFileReference section */
		2163F4A526F88CC600C5B4A9 /* chap1.swift */ = {isa = PBXFileReference; lastKnownFileType = sourcecode.swift; path = chap1.swift; sourceTree = "<group>"; };
		2163F4A726F89BFC00C5B4A9 /* Color.swift */ = {isa = PBXFileReference; lastKnownFileType = sourcecode.swift; path = Color.swift; sourceTree = "<group>"; };
		2163F4AA26F8A02600C5B4A9 /* TupleProtocol.swift */ = {isa = PBXFileReference; lastKnownFileType = sourcecode.swift; path = TupleProtocol.swift; sourceTree = "<group>"; };
		2163F4AD26F8A17A00C5B4A9 /* ColorTest.swift */ = {isa = PBXFileReference; lastKnownFileType = sourcecode.swift; path = ColorTest.swift; sourceTree = "<group>"; };
		2163F4AF26F8AD2600C5B4A9 /* CanvasTest.swift */ = {isa = PBXFileReference; lastKnownFileType = sourcecode.swift; name = CanvasTest.swift; path = test/CanvasTest.swift; sourceTree = SOURCE_ROOT; };
		2163F4B226F8AE2B00C5B4A9 /* Canvas.swift */ = {isa = PBXFileReference; lastKnownFileType = sourcecode.swift; path = Canvas.swift; sourceTree = "<group>"; };
		216AEC2A26FB3B1D00BDE837 /* RayTest.swift */ = {isa = PBXFileReference; lastKnownFileType = sourcecode.swift; path = RayTest.swift; sourceTree = "<group>"; };
		216AEC2C26FB3BB800BDE837 /* Ray.swift */ = {isa = PBXFileReference; lastKnownFileType = sourcecode.swift; path = Ray.swift; sourceTree = "<group>"; };
		216AEC3026FB40B500BDE837 /* Sphere.swift */ = {isa = PBXFileReference; lastKnownFileType = sourcecode.swift; path = Sphere.swift; sourceTree = "<group>"; };
		216AEC3326FB434800BDE837 /* SphereTest.swift */ = {isa = PBXFileReference; lastKnownFileType = sourcecode.swift; path = SphereTest.swift; sourceTree = "<group>"; };
		216AEC3826FB552A00BDE837 /* Objects.swift */ = {isa = PBXFileReference; lastKnownFileType = sourcecode.swift; path = Objects.swift; sourceTree = "<group>"; };
		216AEC3B26FB63E000BDE837 /* Intersection.swift */ = {isa = PBXFileReference; lastKnownFileType = sourcecode.swift; path = Intersection.swift; sourceTree = "<group>"; };
		216AEC3E26FB645100BDE837 /* IntersectionTest.swift */ = {isa = PBXFileReference; lastKnownFileType = sourcecode.swift; path = IntersectionTest.swift; sourceTree = "<group>"; };
		216AEC4026FC60E100BDE837 /* MiscTest.swift */ = {isa = PBXFileReference; lastKnownFileType = sourcecode.swift; name = MiscTest.swift; path = test/MiscTest.swift; sourceTree = SOURCE_ROOT; };
		216AEC4226FC665900BDE837 /* Matrix4.swift */ = {isa = PBXFileReference; lastKnownFileType = sourcecode.swift; path = Matrix4.swift; sourceTree = "<group>"; };
		216AEC4526FC8B3D00BDE837 /* Matrix4ArichtmeticTest.swift */ = {isa = PBXFileReference; lastKnownFileType = sourcecode.swift; path = Matrix4ArichtmeticTest.swift; sourceTree = "<group>"; };
		216AEC4726FC90EB00BDE837 /* Matrix4TransformationTest.swift */ = {isa = PBXFileReference; lastKnownFileType = sourcecode.swift; path = Matrix4TransformationTest.swift; sourceTree = "<group>"; };
		216AEC4A26FCB1B800BDE837 /* PointLight.swift */ = {isa = PBXFileReference; lastKnownFileType = sourcecode.swift; path = PointLight.swift; sourceTree = "<group>"; };
		216AEC4D26FCB1C900BDE837 /* PointLightTest.swift */ = {isa = PBXFileReference; lastKnownFileType = sourcecode.swift; path = PointLightTest.swift; sourceTree = "<group>"; };
		216AEC4F26FCB31A00BDE837 /* MaterialTest.swift */ = {isa = PBXFileReference; lastKnownFileType = sourcecode.swift; path = MaterialTest.swift; sourceTree = "<group>"; };
		21B90BED27031F2100A15CB4 /* World.swift */ = {isa = PBXFileReference; lastKnownFileType = sourcecode.swift; path = World.swift; sourceTree = "<group>"; };
		21B90BEF27031F3E00A15CB4 /* WorldTest.swift */ = {isa = PBXFileReference; lastKnownFileType = sourcecode.swift; path = WorldTest.swift; sourceTree = "<group>"; };
		21B90BF22703377A00A15CB4 /* README.md */ = {isa = PBXFileReference; lastKnownFileType = net.daringfireball.markdown; path = README.md; sourceTree = "<group>"; };
		21B90BF32703421400A15CB4 /* CameraTest.swift */ = {isa = PBXFileReference; lastKnownFileType = sourcecode.swift; path = CameraTest.swift; sourceTree = "<group>"; };
		21B90BF52703429B00A15CB4 /* Camera.swift */ = {isa = PBXFileReference; lastKnownFileType = sourcecode.swift; path = Camera.swift; sourceTree = "<group>"; };
		21B90BF9270396F800A15CB4 /* Material.swift */ = {isa = PBXFileReference; fileEncoding = 4; lastKnownFileType = sourcecode.swift; path = Material.swift; sourceTree = "<group>"; };
		21F47DF726F7D5F60033DA0E /* Tracer */ = {isa = PBXFileReference; explicitFileType = "compiled.mach-o.executable"; includeInIndex = 0; path = Tracer; sourceTree = BUILT_PRODUCTS_DIR; };
		21F47DFA26F7D5F60033DA0E /* main.swift */ = {isa = PBXFileReference; lastKnownFileType = sourcecode.swift; path = main.swift; sourceTree = "<group>"; };
		21F47E0526F7D7AD0033DA0E /* TracerTest.xctest */ = {isa = PBXFileReference; explicitFileType = wrapper.cfbundle; includeInIndex = 0; path = TracerTest.xctest; sourceTree = BUILT_PRODUCTS_DIR; };
		21F47E0726F7D7AD0033DA0E /* TupleTest.swift */ = {isa = PBXFileReference; lastKnownFileType = sourcecode.swift; path = TupleTest.swift; sourceTree = "<group>"; };
		21F47E0926F7D7AD0033DA0E /* Info.plist */ = {isa = PBXFileReference; lastKnownFileType = text.plist.xml; path = Info.plist; sourceTree = "<group>"; };
		21F47E0D26F7D94F0033DA0E /* Tuple.swift */ = {isa = PBXFileReference; lastKnownFileType = sourcecode.swift; path = Tuple.swift; sourceTree = "<group>"; };
/* End PBXFileReference section */

/* Begin PBXFrameworksBuildPhase section */
		21F47DF426F7D5F60033DA0E /* Frameworks */ = {
			isa = PBXFrameworksBuildPhase;
			buildActionMask = 2147483647;
			files = (
			);
			runOnlyForDeploymentPostprocessing = 0;
		};
		21F47E0226F7D7AD0033DA0E /* Frameworks */ = {
			isa = PBXFrameworksBuildPhase;
			buildActionMask = 2147483647;
			files = (
			);
			runOnlyForDeploymentPostprocessing = 0;
		};
/* End PBXFrameworksBuildPhase section */

/* Begin PBXGroup section */
		2163F4A326F884DC00C5B4A9 /* math */ = {
			isa = PBXGroup;
			children = (
				21F47E0D26F7D94F0033DA0E /* Tuple.swift */,
				2163F4A726F89BFC00C5B4A9 /* Color.swift */,
				2163F4AA26F8A02600C5B4A9 /* TupleProtocol.swift */,
				216AEC4226FC665900BDE837 /* Matrix4.swift */,
			);
			path = math;
			sourceTree = "<group>";
		};
		2163F4A426F884E400C5B4A9 /* playground */ = {
			isa = PBXGroup;
			children = (
				21F47DFA26F7D5F60033DA0E /* main.swift */,
				2163F4A526F88CC600C5B4A9 /* chap1.swift */,
			);
			path = playground;
			sourceTree = "<group>";
		};
		2163F4B126F8AE1700C5B4A9 /* graphics */ = {
			isa = PBXGroup;
			children = (
				2163F4B226F8AE2B00C5B4A9 /* Canvas.swift */,
			);
			path = graphics;
			sourceTree = "<group>";
		};
		216AEC4926FCB1A600BDE837 /* shading */ = {
			isa = PBXGroup;
			children = (
				21B90BF9270396F800A15CB4 /* Material.swift */,
			);
			path = shading;
			sourceTree = "<group>";
		};
		21B90BEC27031F1000A15CB4 /* scene */ = {
			isa = PBXGroup;
			children = (
				216AEC3026FB40B500BDE837 /* Sphere.swift */,
				216AEC2C26FB3BB800BDE837 /* Ray.swift */,
				216AEC3826FB552A00BDE837 /* Objects.swift */,
				216AEC3B26FB63E000BDE837 /* Intersection.swift */,
				21B90BED27031F2100A15CB4 /* World.swift */,
				21B90BF52703429B00A15CB4 /* Camera.swift */,
				216AEC4A26FCB1B800BDE837 /* PointLight.swift */,
			);
			path = scene;
			sourceTree = "<group>";
		};
		21F47DEE26F7D5F60033DA0E = {
			isa = PBXGroup;
			children = (
				21F47DF826F7D5F60033DA0E /* Products */,
				21B90BF22703377A00A15CB4 /* README.md */,
				21F47DF926F7D5F60033DA0E /* src */,
				21F47E0626F7D7AD0033DA0E /* test */,
			);
			sourceTree = "<group>";
		};
		21F47DF826F7D5F60033DA0E /* Products */ = {
			isa = PBXGroup;
			children = (
				21F47DF726F7D5F60033DA0E /* Tracer */,
				21F47E0526F7D7AD0033DA0E /* TracerTest.xctest */,
			);
			name = Products;
			sourceTree = "<group>";
		};
		21F47DF926F7D5F60033DA0E /* src */ = {
			isa = PBXGroup;
			children = (
				2163F4B126F8AE1700C5B4A9 /* graphics */,
				2163F4A326F884DC00C5B4A9 /* math */,
				2163F4A426F884E400C5B4A9 /* playground */,
				21B90BEC27031F1000A15CB4 /* scene */,
				216AEC4926FCB1A600BDE837 /* shading */,
			);
			path = src;
			sourceTree = "<group>";
		};
		21F47E0626F7D7AD0033DA0E /* test */ = {
			isa = PBXGroup;
			children = (
				21B90BF32703421400A15CB4 /* CameraTest.swift */,
				2163F4AF26F8AD2600C5B4A9 /* CanvasTest.swift */,
				2163F4AD26F8A17A00C5B4A9 /* ColorTest.swift */,
				21F47E0926F7D7AD0033DA0E /* Info.plist */,
				216AEC3E26FB645100BDE837 /* IntersectionTest.swift */,
				216AEC4F26FCB31A00BDE837 /* MaterialTest.swift */,
				216AEC4526FC8B3D00BDE837 /* Matrix4ArichtmeticTest.swift */,
				216AEC4726FC90EB00BDE837 /* Matrix4TransformationTest.swift */,
				216AEC4026FC60E100BDE837 /* MiscTest.swift */,
				216AEC4D26FCB1C900BDE837 /* PointLightTest.swift */,
				216AEC2A26FB3B1D00BDE837 /* RayTest.swift */,
				216AEC3326FB434800BDE837 /* SphereTest.swift */,
				21F47E0726F7D7AD0033DA0E /* TupleTest.swift */,
				21B90BEF27031F3E00A15CB4 /* WorldTest.swift */,
			);
			path = test;
			sourceTree = "<group>";
		};
/* End PBXGroup section */

/* Begin PBXNativeTarget section */
		21F47DF626F7D5F60033DA0E /* Tracer */ = {
			isa = PBXNativeTarget;
			buildConfigurationList = 21F47DFE26F7D5F60033DA0E /* Build configuration list for PBXNativeTarget "Tracer" */;
			buildPhases = (
				21F47DF326F7D5F60033DA0E /* Sources */,
				21F47DF426F7D5F60033DA0E /* Frameworks */,
				21F47DF526F7D5F60033DA0E /* CopyFiles */,
			);
			buildRules = (
			);
			dependencies = (
			);
			name = Tracer;
			productName = Tracer;
			productReference = 21F47DF726F7D5F60033DA0E /* Tracer */;
			productType = "com.apple.product-type.tool";
		};
		21F47E0426F7D7AD0033DA0E /* TracerTest */ = {
			isa = PBXNativeTarget;
			buildConfigurationList = 21F47E0A26F7D7AD0033DA0E /* Build configuration list for PBXNativeTarget "TracerTest" */;
			buildPhases = (
				21F47E0126F7D7AD0033DA0E /* Sources */,
				21F47E0226F7D7AD0033DA0E /* Frameworks */,
				21F47E0326F7D7AD0033DA0E /* Resources */,
			);
			buildRules = (
			);
			dependencies = (
			);
			name = TracerTest;
			productName = TracerTest;
			productReference = 21F47E0526F7D7AD0033DA0E /* TracerTest.xctest */;
			productType = "com.apple.product-type.bundle.unit-test";
		};
/* End PBXNativeTarget section */

/* Begin PBXProject section */
		21F47DEF26F7D5F60033DA0E /* Project object */ = {
			isa = PBXProject;
			attributes = {
				LastSwiftUpdateCheck = 1250;
				LastUpgradeCheck = 1300;
				TargetAttributes = {
					21F47DF626F7D5F60033DA0E = {
						CreatedOnToolsVersion = 12.5.1;
					};
					21F47E0426F7D7AD0033DA0E = {
						CreatedOnToolsVersion = 12.5.1;
					};
				};
			};
			buildConfigurationList = 21F47DF226F7D5F60033DA0E /* Build configuration list for PBXProject "Tracer" */;
			compatibilityVersion = "Xcode 9.3";
			developmentRegion = en;
			hasScannedForEncodings = 0;
			knownRegions = (
				en,
				Base,
			);
			mainGroup = 21F47DEE26F7D5F60033DA0E;
			productRefGroup = 21F47DF826F7D5F60033DA0E /* Products */;
			projectDirPath = "";
			projectRoot = "";
			targets = (
				21F47DF626F7D5F60033DA0E /* Tracer */,
				21F47E0426F7D7AD0033DA0E /* TracerTest */,
			);
		};
/* End PBXProject section */

/* Begin PBXResourcesBuildPhase section */
		21F47E0326F7D7AD0033DA0E /* Resources */ = {
			isa = PBXResourcesBuildPhase;
			buildActionMask = 2147483647;
			files = (
			);
			runOnlyForDeploymentPostprocessing = 0;
		};
/* End PBXResourcesBuildPhase section */

/* Begin PBXSourcesBuildPhase section */
		21F47DF326F7D5F60033DA0E /* Sources */ = {
			isa = PBXSourcesBuildPhase;
			buildActionMask = 2147483647;
			files = (
				216AEC4B26FCB1B800BDE837 /* PointLight.swift in Sources */,
				216AEC3926FB552A00BDE837 /* Objects.swift in Sources */,
				216AEC3C26FB63E000BDE837 /* Intersection.swift in Sources */,
				216AEC2D26FB3BB800BDE837 /* Ray.swift in Sources */,
				216AEC3126FB40B500BDE837 /* Sphere.swift in Sources */,
				216AEC4326FC665900BDE837 /* Matrix4.swift in Sources */,
				2163F4AB26F8A02600C5B4A9 /* TupleProtocol.swift in Sources */,
				21B90BFA270396F800A15CB4 /* Material.swift in Sources */,
				21F47E0E26F7D94F0033DA0E /* Tuple.swift in Sources */,
				2163F4A826F89BFC00C5B4A9 /* Color.swift in Sources */,
				21F47DFB26F7D5F60033DA0E /* main.swift in Sources */,
				21B90BF62703429B00A15CB4 /* Camera.swift in Sources */,
				2163F4A626F88CC600C5B4A9 /* chap1.swift in Sources */,
				21B90BEE27031F2100A15CB4 /* World.swift in Sources */,
				2163F4B326F8AE2B00C5B4A9 /* Canvas.swift in Sources */,
			);
			runOnlyForDeploymentPostprocessing = 0;
		};
		21F47E0126F7D7AD0033DA0E /* Sources */ = {
			isa = PBXSourcesBuildPhase;
			buildActionMask = 2147483647;
			files = (
				2163F4B426F8AE2B00C5B4A9 /* Canvas.swift in Sources */,
				216AEC4826FC90EB00BDE837 /* Matrix4TransformationTest.swift in Sources */,
				216AEC3D26FB63E000BDE837 /* Intersection.swift in Sources */,
				216AEC4626FC8B3D00BDE837 /* Matrix4ArichtmeticTest.swift in Sources */,
				216AEC4126FC60E100BDE837 /* MiscTest.swift in Sources */,
				216AEC4426FC665900BDE837 /* Matrix4.swift in Sources */,
				21B90BF127031F4100A15CB4 /* World.swift in Sources */,
				216AEC3426FB434800BDE837 /* SphereTest.swift in Sources */,
				2163F4AE26F8A17A00C5B4A9 /* ColorTest.swift in Sources */,
				21B90BF72703429B00A15CB4 /* Camera.swift in Sources */,
				216AEC2B26FB3B1D00BDE837 /* RayTest.swift in Sources */,
				216AEC5026FCB31A00BDE837 /* MaterialTest.swift in Sources */,
				21B90BF42703421400A15CB4 /* CameraTest.swift in Sources */,
				214437CA26F87B9800925AA1 /* Tuple.swift in Sources */,
				216AEC4E26FCB1C900BDE837 /* PointLightTest.swift in Sources */,
				216AEC4C26FCB1B800BDE837 /* PointLight.swift in Sources */,
				21F47E0826F7D7AD0033DA0E /* TupleTest.swift in Sources */,
				21B90BF027031F3E00A15CB4 /* WorldTest.swift in Sources */,
				21B90BFB270396F800A15CB4 /* Material.swift in Sources */,
				216AEC3226FB40B500BDE837 /* Sphere.swift in Sources */,
				216AEC3A26FB552A00BDE837 /* Objects.swift in Sources */,
				216AEC2E26FB3BB800BDE837 /* Ray.swift in Sources */,
				216AEC3F26FB645100BDE837 /* IntersectionTest.swift in Sources */,
				2163F4B026F8AD2600C5B4A9 /* CanvasTest.swift in Sources */,
				2163F4AC26F8A02600C5B4A9 /* TupleProtocol.swift in Sources */,
				2163F4A926F89C1800C5B4A9 /* Color.swift in Sources */,
			);
			runOnlyForDeploymentPostprocessing = 0;
		};
/* End PBXSourcesBuildPhase section */

/* Begin XCBuildConfiguration section */
		21F47DFC26F7D5F60033DA0E /* Debug */ = {
			isa = XCBuildConfiguration;
			buildSettings = {
				ALWAYS_SEARCH_USER_PATHS = NO;
				CLANG_ANALYZER_NONNULL = YES;
				CLANG_ANALYZER_NUMBER_OBJECT_CONVERSION = YES_AGGRESSIVE;
				CLANG_CXX_LANGUAGE_STANDARD = "gnu++14";
				CLANG_CXX_LIBRARY = "libc++";
				CLANG_ENABLE_MODULES = YES;
				CLANG_ENABLE_OBJC_ARC = YES;
				CLANG_ENABLE_OBJC_WEAK = YES;
				CLANG_WARN_BLOCK_CAPTURE_AUTORELEASING = YES;
				CLANG_WARN_BOOL_CONVERSION = YES;
				CLANG_WARN_COMMA = YES;
				CLANG_WARN_CONSTANT_CONVERSION = YES;
				CLANG_WARN_DEPRECATED_OBJC_IMPLEMENTATIONS = YES;
				CLANG_WARN_DIRECT_OBJC_ISA_USAGE = YES_ERROR;
				CLANG_WARN_DOCUMENTATION_COMMENTS = YES;
				CLANG_WARN_EMPTY_BODY = YES;
				CLANG_WARN_ENUM_CONVERSION = YES;
				CLANG_WARN_INFINITE_RECURSION = YES;
				CLANG_WARN_INT_CONVERSION = YES;
				CLANG_WARN_NON_LITERAL_NULL_CONVERSION = YES;
				CLANG_WARN_OBJC_IMPLICIT_RETAIN_SELF = YES;
				CLANG_WARN_OBJC_LITERAL_CONVERSION = YES;
				CLANG_WARN_OBJC_ROOT_CLASS = YES_ERROR;
				CLANG_WARN_QUOTED_INCLUDE_IN_FRAMEWORK_HEADER = YES;
				CLANG_WARN_RANGE_LOOP_ANALYSIS = YES;
				CLANG_WARN_STRICT_PROTOTYPES = YES;
				CLANG_WARN_SUSPICIOUS_MOVE = YES;
				CLANG_WARN_UNGUARDED_AVAILABILITY = YES_AGGRESSIVE;
				CLANG_WARN_UNREACHABLE_CODE = YES;
				CLANG_WARN__DUPLICATE_METHOD_MATCH = YES;
				COPY_PHASE_STRIP = NO;
				DEBUG_INFORMATION_FORMAT = dwarf;
				ENABLE_STRICT_OBJC_MSGSEND = YES;
				ENABLE_TESTABILITY = YES;
				GCC_C_LANGUAGE_STANDARD = gnu11;
				GCC_DYNAMIC_NO_PIC = NO;
				GCC_NO_COMMON_BLOCKS = YES;
				GCC_OPTIMIZATION_LEVEL = 0;
				GCC_PREPROCESSOR_DEFINITIONS = (
					"DEBUG=1",
					"$(inherited)",
				);
				GCC_WARN_64_TO_32_BIT_CONVERSION = YES;
				GCC_WARN_ABOUT_RETURN_TYPE = YES_ERROR;
				GCC_WARN_UNDECLARED_SELECTOR = YES;
				GCC_WARN_UNINITIALIZED_AUTOS = YES_AGGRESSIVE;
				GCC_WARN_UNUSED_FUNCTION = YES;
				GCC_WARN_UNUSED_VARIABLE = YES;
				MACOSX_DEPLOYMENT_TARGET = 11.3;
				MTL_ENABLE_DEBUG_INFO = INCLUDE_SOURCE;
				MTL_FAST_MATH = YES;
				ONLY_ACTIVE_ARCH = YES;
				SDKROOT = macosx;
				SWIFT_ACTIVE_COMPILATION_CONDITIONS = DEBUG;
				SWIFT_OPTIMIZATION_LEVEL = "-Onone";
			};
			name = Debug;
		};
		21F47DFD26F7D5F60033DA0E /* Release */ = {
			isa = XCBuildConfiguration;
			buildSettings = {
				ALWAYS_SEARCH_USER_PATHS = NO;
				CLANG_ANALYZER_NONNULL = YES;
				CLANG_ANALYZER_NUMBER_OBJECT_CONVERSION = YES_AGGRESSIVE;
				CLANG_CXX_LANGUAGE_STANDARD = "gnu++14";
				CLANG_CXX_LIBRARY = "libc++";
				CLANG_ENABLE_MODULES = YES;
				CLANG_ENABLE_OBJC_ARC = YES;
				CLANG_ENABLE_OBJC_WEAK = YES;
				CLANG_WARN_BLOCK_CAPTURE_AUTORELEASING = YES;
				CLANG_WARN_BOOL_CONVERSION = YES;
				CLANG_WARN_COMMA = YES;
				CLANG_WARN_CONSTANT_CONVERSION = YES;
				CLANG_WARN_DEPRECATED_OBJC_IMPLEMENTATIONS = YES;
				CLANG_WARN_DIRECT_OBJC_ISA_USAGE = YES_ERROR;
				CLANG_WARN_DOCUMENTATION_COMMENTS = YES;
				CLANG_WARN_EMPTY_BODY = YES;
				CLANG_WARN_ENUM_CONVERSION = YES;
				CLANG_WARN_INFINITE_RECURSION = YES;
				CLANG_WARN_INT_CONVERSION = YES;
				CLANG_WARN_NON_LITERAL_NULL_CONVERSION = YES;
				CLANG_WARN_OBJC_IMPLICIT_RETAIN_SELF = YES;
				CLANG_WARN_OBJC_LITERAL_CONVERSION = YES;
				CLANG_WARN_OBJC_ROOT_CLASS = YES_ERROR;
				CLANG_WARN_QUOTED_INCLUDE_IN_FRAMEWORK_HEADER = YES;
				CLANG_WARN_RANGE_LOOP_ANALYSIS = YES;
				CLANG_WARN_STRICT_PROTOTYPES = YES;
				CLANG_WARN_SUSPICIOUS_MOVE = YES;
				CLANG_WARN_UNGUARDED_AVAILABILITY = YES_AGGRESSIVE;
				CLANG_WARN_UNREACHABLE_CODE = YES;
				CLANG_WARN__DUPLICATE_METHOD_MATCH = YES;
				COPY_PHASE_STRIP = NO;
				DEBUG_INFORMATION_FORMAT = "dwarf-with-dsym";
				ENABLE_NS_ASSERTIONS = NO;
				ENABLE_STRICT_OBJC_MSGSEND = YES;
				GCC_C_LANGUAGE_STANDARD = gnu11;
				GCC_NO_COMMON_BLOCKS = YES;
				GCC_WARN_64_TO_32_BIT_CONVERSION = YES;
				GCC_WARN_ABOUT_RETURN_TYPE = YES_ERROR;
				GCC_WARN_UNDECLARED_SELECTOR = YES;
				GCC_WARN_UNINITIALIZED_AUTOS = YES_AGGRESSIVE;
				GCC_WARN_UNUSED_FUNCTION = YES;
				GCC_WARN_UNUSED_VARIABLE = YES;
				MACOSX_DEPLOYMENT_TARGET = 11.3;
				MTL_ENABLE_DEBUG_INFO = NO;
				MTL_FAST_MATH = YES;
				SDKROOT = macosx;
				SWIFT_COMPILATION_MODE = wholemodule;
				SWIFT_OPTIMIZATION_LEVEL = "-O";
			};
			name = Release;
		};
		21F47DFF26F7D5F60033DA0E /* Debug */ = {
			isa = XCBuildConfiguration;
			buildSettings = {
				CODE_SIGN_IDENTITY = "-";
				CODE_SIGN_STYLE = Automatic;
				PRODUCT_NAME = "$(TARGET_NAME)";
				SWIFT_VERSION = 5.0;
			};
			name = Debug;
		};
		21F47E0026F7D5F60033DA0E /* Release */ = {
			isa = XCBuildConfiguration;
			buildSettings = {
				CODE_SIGN_IDENTITY = "-";
				CODE_SIGN_STYLE = Automatic;
				PRODUCT_NAME = "$(TARGET_NAME)";
				SWIFT_VERSION = 5.0;
			};
			name = Release;
		};
		21F47E0B26F7D7AD0033DA0E /* Debug */ = {
			isa = XCBuildConfiguration;
			buildSettings = {
				CODE_SIGN_STYLE = Automatic;
				COMBINE_HIDPI_IMAGES = YES;
				INFOPLIST_FILE = test/Info.plist;
				LD_RUNPATH_SEARCH_PATHS = (
					"$(inherited)",
					"@executable_path/../Frameworks",
					"@loader_path/../Frameworks",
				);
				PRODUCT_BUNDLE_IDENTIFIER = de.hundt.tracer.TracerTest;
				PRODUCT_NAME = "$(TARGET_NAME)";
				SWIFT_VERSION = 5.0;
			};
			name = Debug;
		};
		21F47E0C26F7D7AD0033DA0E /* Release */ = {
			isa = XCBuildConfiguration;
			buildSettings = {
				CODE_SIGN_STYLE = Automatic;
				COMBINE_HIDPI_IMAGES = YES;
				INFOPLIST_FILE = test/Info.plist;
				LD_RUNPATH_SEARCH_PATHS = (
					"$(inherited)",
					"@executable_path/../Frameworks",
					"@loader_path/../Frameworks",
				);
				PRODUCT_BUNDLE_IDENTIFIER = de.hundt.tracer.TracerTest;
				PRODUCT_NAME = "$(TARGET_NAME)";
				SWIFT_VERSION = 5.0;
			};
			name = Release;
		};
/* End XCBuildConfiguration section */

/* Begin XCConfigurationList section */
		21F47DF226F7D5F60033DA0E /* Build configuration list for PBXProject "Tracer" */ = {
			isa = XCConfigurationList;
			buildConfigurations = (
				21F47DFC26F7D5F60033DA0E /* Debug */,
				21F47DFD26F7D5F60033DA0E /* Release */,
			);
			defaultConfigurationIsVisible = 0;
			defaultConfigurationName = Release;
		};
		21F47DFE26F7D5F60033DA0E /* Build configuration list for PBXNativeTarget "Tracer" */ = {
			isa = XCConfigurationList;
			buildConfigurations = (
				21F47DFF26F7D5F60033DA0E /* Debug */,
				21F47E0026F7D5F60033DA0E /* Release */,
			);
			defaultConfigurationIsVisible = 0;
			defaultConfigurationName = Release;
		};
		21F47E0A26F7D7AD0033DA0E /* Build configuration list for PBXNativeTarget "TracerTest" */ = {
			isa = XCConfigurationList;
			buildConfigurations = (
				21F47E0B26F7D7AD0033DA0E /* Debug */,
				21F47E0C26F7D7AD0033DA0E /* Release */,
			);
			defaultConfigurationIsVisible = 0;
			defaultConfigurationName = Release;
		};
/* End XCConfigurationList section */
	};
	rootObject = 21F47DEF26F7D5F60033DA0E /* Project object */;
}
