// !$*UTF8*$!
{
	archiveVersion = 1;
	classes = {
	};
	objectVersion = 50;
	objects = {

/* Begin PBXBuildFile section */
		214437CA26F87B9800925AA1 /* Tuple.swift in Sources */ = {isa = PBXBuildFile; fileRef = 21F47E0D26F7D94F0033DA0E /* Tuple.swift */; };
		2163F4A626F88CC600C5B4A9 /* chap1.swift in Sources */ = {isa = PBXBuildFile; fileRef = 2163F4A526F88CC600C5B4A9 /* chap1.swift */; };
		2163F4A826F89BFC00C5B4A9 /* Color.swift in Sources */ = {isa = PBXBuildFile; fileRef = 2163F4A726F89BFC00C5B4A9 /* Color.swift */; };
		2163F4A926F89C1800C5B4A9 /* Color.swift in Sources */ = {isa = PBXBuildFile; fileRef = 2163F4A726F89BFC00C5B4A9 /* Color.swift */; };
		2163F4AB26F8A02600C5B4A9 /* TupleProtocol.swift in Sources */ = {isa = PBXBuildFile; fileRef = 2163F4AA26F8A02600C5B4A9 /* TupleProtocol.swift */; };
		2163F4AC26F8A02600C5B4A9 /* TupleProtocol.swift in Sources */ = {isa = PBXBuildFile; fileRef = 2163F4AA26F8A02600C5B4A9 /* TupleProtocol.swift */; };
		2163F4AE26F8A17A00C5B4A9 /* ColorTest.swift in Sources */ = {isa = PBXBuildFile; fileRef = 2163F4AD26F8A17A00C5B4A9 /* ColorTest.swift */; };
		21F47DFB26F7D5F60033DA0E /* main.swift in Sources */ = {isa = PBXBuildFile; fileRef = 21F47DFA26F7D5F60033DA0E /* main.swift */; };
		21F47E0826F7D7AD0033DA0E /* TupleTest.swift in Sources */ = {isa = PBXBuildFile; fileRef = 21F47E0726F7D7AD0033DA0E /* TupleTest.swift */; };
		21F47E0E26F7D94F0033DA0E /* Tuple.swift in Sources */ = {isa = PBXBuildFile; fileRef = 21F47E0D26F7D94F0033DA0E /* Tuple.swift */; };
/* End PBXBuildFile section */

/* Begin PBXCopyFilesBuildPhase section */
		21F47DF526F7D5F60033DA0E /* CopyFiles */ = {
			isa = PBXCopyFilesBuildPhase;
			buildActionMask = 2147483647;
			dstPath = /usr/share/man/man1/;
			dstSubfolderSpec = 0;
			files = (
			);
			runOnlyForDeploymentPostprocessing = 1;
		};
/* End PBXCopyFilesBuildPhase section */

/* Begin PBXFileReference section */
		2163F4A526F88CC600C5B4A9 /* chap1.swift */ = {isa = PBXFileReference; lastKnownFileType = sourcecode.swift; path = chap1.swift; sourceTree = "<group>"; };
		2163F4A726F89BFC00C5B4A9 /* Color.swift */ = {isa = PBXFileReference; lastKnownFileType = sourcecode.swift; path = Color.swift; sourceTree = "<group>"; };
		2163F4AA26F8A02600C5B4A9 /* TupleProtocol.swift */ = {isa = PBXFileReference; lastKnownFileType = sourcecode.swift; path = TupleProtocol.swift; sourceTree = "<group>"; };
		2163F4AD26F8A17A00C5B4A9 /* ColorTest.swift */ = {isa = PBXFileReference; lastKnownFileType = sourcecode.swift; path = ColorTest.swift; sourceTree = "<group>"; };
		21F47DF726F7D5F60033DA0E /* Tracer */ = {isa = PBXFileReference; explicitFileType = "compiled.mach-o.executable"; includeInIndex = 0; path = Tracer; sourceTree = BUILT_PRODUCTS_DIR; };
		21F47DFA26F7D5F60033DA0E /* main.swift */ = {isa = PBXFileReference; lastKnownFileType = sourcecode.swift; path = main.swift; sourceTree = "<group>"; };
		21F47E0526F7D7AD0033DA0E /* TracerTest.xctest */ = {isa = PBXFileReference; explicitFileType = wrapper.cfbundle; includeInIndex = 0; path = TracerTest.xctest; sourceTree = BUILT_PRODUCTS_DIR; };
		21F47E0726F7D7AD0033DA0E /* TupleTest.swift */ = {isa = PBXFileReference; lastKnownFileType = sourcecode.swift; path = TupleTest.swift; sourceTree = "<group>"; };
		21F47E0926F7D7AD0033DA0E /* Info.plist */ = {isa = PBXFileReference; lastKnownFileType = text.plist.xml; path = Info.plist; sourceTree = "<group>"; };
		21F47E0D26F7D94F0033DA0E /* Tuple.swift */ = {isa = PBXFileReference; lastKnownFileType = sourcecode.swift; path = Tuple.swift; sourceTree = "<group>"; };
/* End PBXFileReference section */

/* Begin PBXFrameworksBuildPhase section */
		21F47DF426F7D5F60033DA0E /* Frameworks */ = {
			isa = PBXFrameworksBuildPhase;
			buildActionMask = 2147483647;
			files = (
			);
			runOnlyForDeploymentPostprocessing = 0;
		};
		21F47E0226F7D7AD0033DA0E /* Frameworks */ = {
			isa = PBXFrameworksBuildPhase;
			buildActionMask = 2147483647;
			files = (
			);
			runOnlyForDeploymentPostprocessing = 0;
		};
/* End PBXFrameworksBuildPhase section */

/* Begin PBXGroup section */
		2163F4A326F884DC00C5B4A9 /* helper */ = {
			isa = PBXGroup;
			children = (
				21F47E0D26F7D94F0033DA0E /* Tuple.swift */,
				2163F4A726F89BFC00C5B4A9 /* Color.swift */,
				2163F4AA26F8A02600C5B4A9 /* TupleProtocol.swift */,
			);
			path = helper;
			sourceTree = "<group>";
		};
		2163F4A426F884E400C5B4A9 /* playground */ = {
			isa = PBXGroup;
			children = (
				21F47DFA26F7D5F60033DA0E /* main.swift */,
				2163F4A526F88CC600C5B4A9 /* chap1.swift */,
			);
			path = playground;
			sourceTree = "<group>";
		};
		21F47DEE26F7D5F60033DA0E = {
			isa = PBXGroup;
			children = (
				21F47DF926F7D5F60033DA0E /* src */,
				21F47E0626F7D7AD0033DA0E /* test */,
				21F47DF826F7D5F60033DA0E /* Products */,
			);
			sourceTree = "<group>";
		};
		21F47DF826F7D5F60033DA0E /* Products */ = {
			isa = PBXGroup;
			children = (
				21F47DF726F7D5F60033DA0E /* Tracer */,
				21F47E0526F7D7AD0033DA0E /* TracerTest.xctest */,
			);
			name = Products;
			sourceTree = "<group>";
		};
		21F47DF926F7D5F60033DA0E /* src */ = {
			isa = PBXGroup;
			children = (
				2163F4A426F884E400C5B4A9 /* playground */,
				2163F4A326F884DC00C5B4A9 /* helper */,
			);
			path = src;
			sourceTree = "<group>";
		};
		21F47E0626F7D7AD0033DA0E /* test */ = {
			isa = PBXGroup;
			children = (
				21F47E0726F7D7AD0033DA0E /* TupleTest.swift */,
				2163F4AD26F8A17A00C5B4A9 /* ColorTest.swift */,
				21F47E0926F7D7AD0033DA0E /* Info.plist */,
			);
			path = test;
			sourceTree = "<group>";
		};
/* End PBXGroup section */

/* Begin PBXNativeTarget section */
		21F47DF626F7D5F60033DA0E /* Tracer */ = {
			isa = PBXNativeTarget;
			buildConfigurationList = 21F47DFE26F7D5F60033DA0E /* Build configuration list for PBXNativeTarget "Tracer" */;
			buildPhases = (
				21F47DF326F7D5F60033DA0E /* Sources */,
				21F47DF426F7D5F60033DA0E /* Frameworks */,
				21F47DF526F7D5F60033DA0E /* CopyFiles */,
			);
			buildRules = (
			);
			dependencies = (
			);
			name = Tracer;
			productName = Tracer;
			productReference = 21F47DF726F7D5F60033DA0E /* Tracer */;
			productType = "com.apple.product-type.tool";
		};
		21F47E0426F7D7AD0033DA0E /* TracerTest */ = {
			isa = PBXNativeTarget;
			buildConfigurationList = 21F47E0A26F7D7AD0033DA0E /* Build configuration list for PBXNativeTarget "TracerTest" */;
			buildPhases = (
				21F47E0126F7D7AD0033DA0E /* Sources */,
				21F47E0226F7D7AD0033DA0E /* Frameworks */,
				21F47E0326F7D7AD0033DA0E /* Resources */,
			);
			buildRules = (
			);
			dependencies = (
			);
			name = TracerTest;
			productName = TracerTest;
			productReference = 21F47E0526F7D7AD0033DA0E /* TracerTest.xctest */;
			productType = "com.apple.product-type.bundle.unit-test";
		};
/* End PBXNativeTarget section */

/* Begin PBXProject section */
		21F47DEF26F7D5F60033DA0E /* Project object */ = {
			isa = PBXProject;
			attributes = {
				LastSwiftUpdateCheck = 1250;
				LastUpgradeCheck = 1250;
				TargetAttributes = {
					21F47DF626F7D5F60033DA0E = {
						CreatedOnToolsVersion = 12.5.1;
					};
					21F47E0426F7D7AD0033DA0E = {
						CreatedOnToolsVersion = 12.5.1;
					};
				};
			};
			buildConfigurationList = 21F47DF226F7D5F60033DA0E /* Build configuration list for PBXProject "Tracer" */;
			compatibilityVersion = "Xcode 9.3";
			developmentRegion = en;
			hasScannedForEncodings = 0;
			knownRegions = (
				en,
				Base,
			);
			mainGroup = 21F47DEE26F7D5F60033DA0E;
			productRefGroup = 21F47DF826F7D5F60033DA0E /* Products */;
			projectDirPath = "";
			projectRoot = "";
			targets = (
				21F47DF626F7D5F60033DA0E /* Tracer */,
				21F47E0426F7D7AD0033DA0E /* TracerTest */,
			);
		};
/* End PBXProject section */

/* Begin PBXResourcesBuildPhase section */
		21F47E0326F7D7AD0033DA0E /* Resources */ = {
			isa = PBXResourcesBuildPhase;
			buildActionMask = 2147483647;
			files = (
			);
			runOnlyForDeploymentPostprocessing = 0;
		};
/* End PBXResourcesBuildPhase section */

/* Begin PBXSourcesBuildPhase section */
		21F47DF326F7D5F60033DA0E /* Sources */ = {
			isa = PBXSourcesBuildPhase;
			buildActionMask = 2147483647;
			files = (
				2163F4AB26F8A02600C5B4A9 /* TupleProtocol.swift in Sources */,
				21F47E0E26F7D94F0033DA0E /* Tuple.swift in Sources */,
				2163F4A826F89BFC00C5B4A9 /* Color.swift in Sources */,
				21F47DFB26F7D5F60033DA0E /* main.swift in Sources */,
				2163F4A626F88CC600C5B4A9 /* chap1.swift in Sources */,
			);
			runOnlyForDeploymentPostprocessing = 0;
		};
		21F47E0126F7D7AD0033DA0E /* Sources */ = {
			isa = PBXSourcesBuildPhase;
			buildActionMask = 2147483647;
			files = (
				2163F4AE26F8A17A00C5B4A9 /* ColorTest.swift in Sources */,
				214437CA26F87B9800925AA1 /* Tuple.swift in Sources */,
				21F47E0826F7D7AD0033DA0E /* TupleTest.swift in Sources */,
				2163F4AC26F8A02600C5B4A9 /* TupleProtocol.swift in Sources */,
				2163F4A926F89C1800C5B4A9 /* Color.swift in Sources */,
			);
			runOnlyForDeploymentPostprocessing = 0;
		};
/* End PBXSourcesBuildPhase section */

/* Begin XCBuildConfiguration section */
		21F47DFC26F7D5F60033DA0E /* Debug */ = {
			isa = XCBuildConfiguration;
			buildSettings = {
				ALWAYS_SEARCH_USER_PATHS = NO;
				CLANG_ANALYZER_NONNULL = YES;
				CLANG_ANALYZER_NUMBER_OBJECT_CONVERSION = YES_AGGRESSIVE;
				CLANG_CXX_LANGUAGE_STANDARD = "gnu++14";
				CLANG_CXX_LIBRARY = "libc++";
				CLANG_ENABLE_MODULES = YES;
				CLANG_ENABLE_OBJC_ARC = YES;
				CLANG_ENABLE_OBJC_WEAK = YES;
				CLANG_WARN_BLOCK_CAPTURE_AUTORELEASING = YES;
				CLANG_WARN_BOOL_CONVERSION = YES;
				CLANG_WARN_COMMA = YES;
				CLANG_WARN_CONSTANT_CONVERSION = YES;
				CLANG_WARN_DEPRECATED_OBJC_IMPLEMENTATIONS = YES;
				CLANG_WARN_DIRECT_OBJC_ISA_USAGE = YES_ERROR;
				CLANG_WARN_DOCUMENTATION_COMMENTS = YES;
				CLANG_WARN_EMPTY_BODY = YES;
				CLANG_WARN_ENUM_CONVERSION = YES;
				CLANG_WARN_INFINITE_RECURSION = YES;
				CLANG_WARN_INT_CONVERSION = YES;
				CLANG_WARN_NON_LITERAL_NULL_CONVERSION = YES;
				CLANG_WARN_OBJC_IMPLICIT_RETAIN_SELF = YES;
				CLANG_WARN_OBJC_LITERAL_CONVERSION = YES;
				CLANG_WARN_OBJC_ROOT_CLASS = YES_ERROR;
				CLANG_WARN_QUOTED_INCLUDE_IN_FRAMEWORK_HEADER = YES;
				CLANG_WARN_RANGE_LOOP_ANALYSIS = YES;
				CLANG_WARN_STRICT_PROTOTYPES = YES;
				CLANG_WARN_SUSPICIOUS_MOVE = YES;
				CLANG_WARN_UNGUARDED_AVAILABILITY = YES_AGGRESSIVE;
				CLANG_WARN_UNREACHABLE_CODE = YES;
				CLANG_WARN__DUPLICATE_METHOD_MATCH = YES;
				COPY_PHASE_STRIP = NO;
				DEBUG_INFORMATION_FORMAT = dwarf;
				ENABLE_STRICT_OBJC_MSGSEND = YES;
				ENABLE_TESTABILITY = YES;
				GCC_C_LANGUAGE_STANDARD = gnu11;
				GCC_DYNAMIC_NO_PIC = NO;
				GCC_NO_COMMON_BLOCKS = YES;
				GCC_OPTIMIZATION_LEVEL = 0;
				GCC_PREPROCESSOR_DEFINITIONS = (
					"DEBUG=1",
					"$(inherited)",
				);
				GCC_WARN_64_TO_32_BIT_CONVERSION = YES;
				GCC_WARN_ABOUT_RETURN_TYPE = YES_ERROR;
				GCC_WARN_UNDECLARED_SELECTOR = YES;
				GCC_WARN_UNINITIALIZED_AUTOS = YES_AGGRESSIVE;
				GCC_WARN_UNUSED_FUNCTION = YES;
				GCC_WARN_UNUSED_VARIABLE = YES;
				MACOSX_DEPLOYMENT_TARGET = 11.3;
				MTL_ENABLE_DEBUG_INFO = INCLUDE_SOURCE;
				MTL_FAST_MATH = YES;
				ONLY_ACTIVE_ARCH = YES;
				SDKROOT = macosx;
				SWIFT_ACTIVE_COMPILATION_CONDITIONS = DEBUG;
				SWIFT_OPTIMIZATION_LEVEL = "-Onone";
			};
			name = Debug;
		};
		21F47DFD26F7D5F60033DA0E /* Release */ = {
			isa = XCBuildConfiguration;
			buildSettings = {
				ALWAYS_SEARCH_USER_PATHS = NO;
				CLANG_ANALYZER_NONNULL = YES;
				CLANG_ANALYZER_NUMBER_OBJECT_CONVERSION = YES_AGGRESSIVE;
				CLANG_CXX_LANGUAGE_STANDARD = "gnu++14";
				CLANG_CXX_LIBRARY = "libc++";
				CLANG_ENABLE_MODULES = YES;
				CLANG_ENABLE_OBJC_ARC = YES;
				CLANG_ENABLE_OBJC_WEAK = YES;
				CLANG_WARN_BLOCK_CAPTURE_AUTORELEASING = YES;
				CLANG_WARN_BOOL_CONVERSION = YES;
				CLANG_WARN_COMMA = YES;
				CLANG_WARN_CONSTANT_CONVERSION = YES;
				CLANG_WARN_DEPRECATED_OBJC_IMPLEMENTATIONS = YES;
				CLANG_WARN_DIRECT_OBJC_ISA_USAGE = YES_ERROR;
				CLANG_WARN_DOCUMENTATION_COMMENTS = YES;
				CLANG_WARN_EMPTY_BODY = YES;
				CLANG_WARN_ENUM_CONVERSION = YES;
				CLANG_WARN_INFINITE_RECURSION = YES;
				CLANG_WARN_INT_CONVERSION = YES;
				CLANG_WARN_NON_LITERAL_NULL_CONVERSION = YES;
				CLANG_WARN_OBJC_IMPLICIT_RETAIN_SELF = YES;
				CLANG_WARN_OBJC_LITERAL_CONVERSION = YES;
				CLANG_WARN_OBJC_ROOT_CLASS = YES_ERROR;
				CLANG_WARN_QUOTED_INCLUDE_IN_FRAMEWORK_HEADER = YES;
				CLANG_WARN_RANGE_LOOP_ANALYSIS = YES;
				CLANG_WARN_STRICT_PROTOTYPES = YES;
				CLANG_WARN_SUSPICIOUS_MOVE = YES;
				CLANG_WARN_UNGUARDED_AVAILABILITY = YES_AGGRESSIVE;
				CLANG_WARN_UNREACHABLE_CODE = YES;
				CLANG_WARN__DUPLICATE_METHOD_MATCH = YES;
				COPY_PHASE_STRIP = NO;
				DEBUG_INFORMATION_FORMAT = "dwarf-with-dsym";
				ENABLE_NS_ASSERTIONS = NO;
				ENABLE_STRICT_OBJC_MSGSEND = YES;
				GCC_C_LANGUAGE_STANDARD = gnu11;
				GCC_NO_COMMON_BLOCKS = YES;
				GCC_WARN_64_TO_32_BIT_CONVERSION = YES;
				GCC_WARN_ABOUT_RETURN_TYPE = YES_ERROR;
				GCC_WARN_UNDECLARED_SELECTOR = YES;
				GCC_WARN_UNINITIALIZED_AUTOS = YES_AGGRESSIVE;
				GCC_WARN_UNUSED_FUNCTION = YES;
				GCC_WARN_UNUSED_VARIABLE = YES;
				MACOSX_DEPLOYMENT_TARGET = 11.3;
				MTL_ENABLE_DEBUG_INFO = NO;
				MTL_FAST_MATH = YES;
				SDKROOT = macosx;
				SWIFT_COMPILATION_MODE = wholemodule;
				SWIFT_OPTIMIZATION_LEVEL = "-O";
			};
			name = Release;
		};
		21F47DFF26F7D5F60033DA0E /* Debug */ = {
			isa = XCBuildConfiguration;
			buildSettings = {
				CODE_SIGN_STYLE = Automatic;
				PRODUCT_NAME = "$(TARGET_NAME)";
				SWIFT_VERSION = 5.0;
			};
			name = Debug;
		};
		21F47E0026F7D5F60033DA0E /* Release */ = {
			isa = XCBuildConfiguration;
			buildSettings = {
				CODE_SIGN_STYLE = Automatic;
				PRODUCT_NAME = "$(TARGET_NAME)";
				SWIFT_VERSION = 5.0;
			};
			name = Release;
		};
		21F47E0B26F7D7AD0033DA0E /* Debug */ = {
			isa = XCBuildConfiguration;
			buildSettings = {
				CODE_SIGN_STYLE = Automatic;
				COMBINE_HIDPI_IMAGES = YES;
				INFOPLIST_FILE = test/Info.plist;
				LD_RUNPATH_SEARCH_PATHS = (
					"$(inherited)",
					"@executable_path/../Frameworks",
					"@loader_path/../Frameworks",
				);
				PRODUCT_BUNDLE_IDENTIFIER = de.hundt.tracer.TracerTest;
				PRODUCT_NAME = "$(TARGET_NAME)";
				SWIFT_VERSION = 5.0;
			};
			name = Debug;
		};
		21F47E0C26F7D7AD0033DA0E /* Release */ = {
			isa = XCBuildConfiguration;
			buildSettings = {
				CODE_SIGN_STYLE = Automatic;
				COMBINE_HIDPI_IMAGES = YES;
				INFOPLIST_FILE = test/Info.plist;
				LD_RUNPATH_SEARCH_PATHS = (
					"$(inherited)",
					"@executable_path/../Frameworks",
					"@loader_path/../Frameworks",
				);
				PRODUCT_BUNDLE_IDENTIFIER = de.hundt.tracer.TracerTest;
				PRODUCT_NAME = "$(TARGET_NAME)";
				SWIFT_VERSION = 5.0;
			};
			name = Release;
		};
/* End XCBuildConfiguration section */

/* Begin XCConfigurationList section */
		21F47DF226F7D5F60033DA0E /* Build configuration list for PBXProject "Tracer" */ = {
			isa = XCConfigurationList;
			buildConfigurations = (
				21F47DFC26F7D5F60033DA0E /* Debug */,
				21F47DFD26F7D5F60033DA0E /* Release */,
			);
			defaultConfigurationIsVisible = 0;
			defaultConfigurationName = Release;
		};
		21F47DFE26F7D5F60033DA0E /* Build configuration list for PBXNativeTarget "Tracer" */ = {
			isa = XCConfigurationList;
			buildConfigurations = (
				21F47DFF26F7D5F60033DA0E /* Debug */,
				21F47E0026F7D5F60033DA0E /* Release */,
			);
			defaultConfigurationIsVisible = 0;
			defaultConfigurationName = Release;
		};
		21F47E0A26F7D7AD0033DA0E /* Build configuration list for PBXNativeTarget "TracerTest" */ = {
			isa = XCConfigurationList;
			buildConfigurations = (
				21F47E0B26F7D7AD0033DA0E /* Debug */,
				21F47E0C26F7D7AD0033DA0E /* Release */,
			);
			defaultConfigurationIsVisible = 0;
			defaultConfigurationName = Release;
		};
/* End XCConfigurationList section */
	};
	rootObject = 21F47DEF26F7D5F60033DA0E /* Project object */;
}
